
Microsoft Visual Studio Solution File, Format Version 12.00
# Visual Studio Version 16
VisualStudioVersion = 25.0.1705.2
MinimumVisualStudioVersion = 10.0.40219.1
Project("{FAE04EC0-301F-11D3-BF4B-00C04F79EFBC}") = "FPFI", "FPFI\FPFI.csproj", "{6BDB185B-02CE-4956-9450-7A55CE82A2F1}"
EndProject
Global
	GlobalSection(SolutionConfigurationPlatforms) = preSolution
		Debug|Any CPU = Debug|Any CPU
		Release|Any CPU = Release|Any CPU
	EndGlobalSection
	GlobalSection(ProjectConfigurationPlatforms) = postSolution
		{6BDB185B-02CE-4956-9450-7A55CE82A2F1}.Debug|Any CPU.ActiveCfg = Debug|Any CPU
		{6BDB185B-02CE-4956-9450-7A55CE82A2F1}.Debug|Any CPU.Build.0 = Debug|Any CPU
		{6BDB185B-02CE-4956-9450-7A55CE82A2F1}.Release|Any CPU.ActiveCfg = Release|Any CPU
		{6BDB185B-02CE-4956-9450-7A55CE82A2F1}.Release|Any CPU.Build.0 = Release|Any CPU
	EndGlobalSection
	GlobalSection(SolutionProperties) = preSolution
		HideSolutionNode = FALSE
	EndGlobalSection
	GlobalSection(ExtensibilityGlobals) = postSolution
		SolutionGuid = {6E910F5E-45DC-4D4F-9611-A182FE0F923A}
	EndGlobalSection
EndGlobal
